
Microsoft Visual Studio Solution File, Format Version 12.00
# Visual Studio Version 17
VisualStudioVersion = 17.2.32630.192
MinimumVisualStudioVersion = 10.0.40219.1
Project("{2150E333-8FDC-42A3-9474-1A3956D46DE8}") = "src", "src", "{90BC4A5E-1BE5-40F6-B64C-7A19EAE6CB96}"
EndProject
Project("{2150E333-8FDC-42A3-9474-1A3956D46DE8}") = "Api", "Api", "{E27F3ABC-C361-4EC1-883F-823B3CA794E7}"
EndProject
Project("{2150E333-8FDC-42A3-9474-1A3956D46DE8}") = "Clients", "Clients", "{B782B2A9-C131-42E4-B368-0938249DDC06}"
EndProject
Project("{2150E333-8FDC-42A3-9474-1A3956D46DE8}") = "Common", "Common", "{DF42C415-F5FD-44EC-895F-37454CDE37C2}"
EndProject
Project("{2150E333-8FDC-42A3-9474-1A3956D46DE8}") = "Projections", "Projections", "{DF234EBE-64C4-4A4C-87D6-0D9C857FF51D}"
EndProject
Project("{2150E333-8FDC-42A3-9474-1A3956D46DE8}") = "Core", "Core", "{5232ED54-C039-4764-8540-235D334DF8B1}"
EndProject
Project("{2150E333-8FDC-42A3-9474-1A3956D46DE8}") = "WebApi", "WebApi", "{304FE1C5-62C9-4005-AAFA-07407926F628}"
EndProject
Project("{2150E333-8FDC-42A3-9474-1A3956D46DE8}") = "BlazorWeb", "BlazorWeb", "{BC9EEFEC-9EBC-49CD-A629-662793FAAC50}"
EndProject
Project("{9A19103F-16F7-4668-BE54-9A1E7A4F7556}") = "OnionSozluk.Common", "src\Common\OnionSozluk.Common\OnionSozluk.Common.csproj", "{9DB92549-1FD2-4CCC-A160-BE87BE6C7536}"
EndProject
Project("{9A19103F-16F7-4668-BE54-9A1E7A4F7556}") = "OnionSozluk.Api.Domain", "src\Api\Core\OnionSozluk.Api.Domain\OnionSozluk.Api.Domain.csproj", "{31F9D976-691E-4C0E-959A-62C6DDF54A8D}"
EndProject
Project("{9A19103F-16F7-4668-BE54-9A1E7A4F7556}") = "OnionSozluk.Api.Application", "src\Api\Core\OnionSozluk.Api.Application\OnionSozluk.Api.Application.csproj", "{1905D5A2-8977-4535-AB71-6630B7B9F654}"
EndProject
Project("{2150E333-8FDC-42A3-9474-1A3956D46DE8}") = "Infrastructure", "Infrastructure", "{584384E6-7B0E-4538-9A89-15507343A3D1}"
EndProject
Project("{9A19103F-16F7-4668-BE54-9A1E7A4F7556}") = "OnionSozluk.Infrastructure.Persistence", "src\Api\Infrastructure\OnionSozluk.Infrastructure.Persistence\OnionSozluk.Infrastructure.Persistence.csproj", "{ED671639-B075-4DC0-B4C5-DC1E406277F6}"
EndProject
Project("{9A19103F-16F7-4668-BE54-9A1E7A4F7556}") = "OnionSozluk.Api.WebApi", "src\Api\WebApi\OnionSozluk.Api.WebApi\OnionSozluk.Api.WebApi.csproj", "{F3E3B55B-32F6-46E4-90E2-02E8EF9D7A16}"
EndProject
Project("{9A19103F-16F7-4668-BE54-9A1E7A4F7556}") = "OnionSozluk.Projections.FavoriteService", "src\Projections\OnionSozluk.Projections.FavoriteService\OnionSozluk.Projections.FavoriteService.csproj", "{88CB5AC4-2965-4B10-91B6-305C7C576D3A}"
EndProject
Project("{9A19103F-16F7-4668-BE54-9A1E7A4F7556}") = "OnionSozluk.Projections.UserService", "src\Projections\OnionSozluk.Projections.UserService\OnionSozluk.Projections.UserService.csproj", "{D828BFB2-9CC7-4B4D-9765-4FD0B4D22A5A}"
EndProject
Project("{9A19103F-16F7-4668-BE54-9A1E7A4F7556}") = "OnionSozluk.WebApp", "src\Clients\BlazorWeb\OnionSozluk.WebApp\OnionSozluk.WebApp.csproj", "{872CFE6C-8EAA-4275-A0F2-F3F415A0BAFC}"
EndProject
Project("{9A19103F-16F7-4668-BE54-9A1E7A4F7556}") = "OnionSozluk.Projections.VoteService", "src\Projections\OnionSozluk.Projections.VoteService\OnionSozluk.Projections.VoteService.csproj", "{B6D9B8ED-F11E-4E30-8AC6-53C84A601432}"
EndProject
Global
	GlobalSection(SolutionConfigurationPlatforms) = preSolution
		Debug|Any CPU = Debug|Any CPU
		Release|Any CPU = Release|Any CPU
	EndGlobalSection
	GlobalSection(ProjectConfigurationPlatforms) = postSolution
		{9DB92549-1FD2-4CCC-A160-BE87BE6C7536}.Debug|Any CPU.ActiveCfg = Debug|Any CPU
		{9DB92549-1FD2-4CCC-A160-BE87BE6C7536}.Debug|Any CPU.Build.0 = Debug|Any CPU
		{9DB92549-1FD2-4CCC-A160-BE87BE6C7536}.Release|Any CPU.ActiveCfg = Release|Any CPU
		{9DB92549-1FD2-4CCC-A160-BE87BE6C7536}.Release|Any CPU.Build.0 = Release|Any CPU
		{31F9D976-691E-4C0E-959A-62C6DDF54A8D}.Debug|Any CPU.ActiveCfg = Debug|Any CPU
		{31F9D976-691E-4C0E-959A-62C6DDF54A8D}.Debug|Any CPU.Build.0 = Debug|Any CPU
		{31F9D976-691E-4C0E-959A-62C6DDF54A8D}.Release|Any CPU.ActiveCfg = Release|Any CPU
		{31F9D976-691E-4C0E-959A-62C6DDF54A8D}.Release|Any CPU.Build.0 = Release|Any CPU
		{1905D5A2-8977-4535-AB71-6630B7B9F654}.Debug|Any CPU.ActiveCfg = Debug|Any CPU
		{1905D5A2-8977-4535-AB71-6630B7B9F654}.Debug|Any CPU.Build.0 = Debug|Any CPU
		{1905D5A2-8977-4535-AB71-6630B7B9F654}.Release|Any CPU.ActiveCfg = Release|Any CPU
		{1905D5A2-8977-4535-AB71-6630B7B9F654}.Release|Any CPU.Build.0 = Release|Any CPU
		{ED671639-B075-4DC0-B4C5-DC1E406277F6}.Debug|Any CPU.ActiveCfg = Debug|Any CPU
		{ED671639-B075-4DC0-B4C5-DC1E406277F6}.Debug|Any CPU.Build.0 = Debug|Any CPU
		{ED671639-B075-4DC0-B4C5-DC1E406277F6}.Release|Any CPU.ActiveCfg = Release|Any CPU
		{ED671639-B075-4DC0-B4C5-DC1E406277F6}.Release|Any CPU.Build.0 = Release|Any CPU
		{F3E3B55B-32F6-46E4-90E2-02E8EF9D7A16}.Debug|Any CPU.ActiveCfg = Debug|Any CPU
		{F3E3B55B-32F6-46E4-90E2-02E8EF9D7A16}.Debug|Any CPU.Build.0 = Debug|Any CPU
		{F3E3B55B-32F6-46E4-90E2-02E8EF9D7A16}.Release|Any CPU.ActiveCfg = Release|Any CPU
		{F3E3B55B-32F6-46E4-90E2-02E8EF9D7A16}.Release|Any CPU.Build.0 = Release|Any CPU
		{88CB5AC4-2965-4B10-91B6-305C7C576D3A}.Debug|Any CPU.ActiveCfg = Debug|Any CPU
		{88CB5AC4-2965-4B10-91B6-305C7C576D3A}.Debug|Any CPU.Build.0 = Debug|Any CPU
		{88CB5AC4-2965-4B10-91B6-305C7C576D3A}.Release|Any CPU.ActiveCfg = Release|Any CPU
		{88CB5AC4-2965-4B10-91B6-305C7C576D3A}.Release|Any CPU.Build.0 = Release|Any CPU
		{D828BFB2-9CC7-4B4D-9765-4FD0B4D22A5A}.Debug|Any CPU.ActiveCfg = Debug|Any CPU
		{D828BFB2-9CC7-4B4D-9765-4FD0B4D22A5A}.Debug|Any CPU.Build.0 = Debug|Any CPU
		{D828BFB2-9CC7-4B4D-9765-4FD0B4D22A5A}.Release|Any CPU.ActiveCfg = Release|Any CPU
		{D828BFB2-9CC7-4B4D-9765-4FD0B4D22A5A}.Release|Any CPU.Build.0 = Release|Any CPU
		{872CFE6C-8EAA-4275-A0F2-F3F415A0BAFC}.Debug|Any CPU.ActiveCfg = Debug|Any CPU
		{872CFE6C-8EAA-4275-A0F2-F3F415A0BAFC}.Debug|Any CPU.Build.0 = Debug|Any CPU
		{872CFE6C-8EAA-4275-A0F2-F3F415A0BAFC}.Release|Any CPU.ActiveCfg = Release|Any CPU
		{872CFE6C-8EAA-4275-A0F2-F3F415A0BAFC}.Release|Any CPU.Build.0 = Release|Any CPU
		{B6D9B8ED-F11E-4E30-8AC6-53C84A601432}.Debug|Any CPU.ActiveCfg = Debug|Any CPU
		{B6D9B8ED-F11E-4E30-8AC6-53C84A601432}.Debug|Any CPU.Build.0 = Debug|Any CPU
		{B6D9B8ED-F11E-4E30-8AC6-53C84A601432}.Release|Any CPU.ActiveCfg = Release|Any CPU
		{B6D9B8ED-F11E-4E30-8AC6-53C84A601432}.Release|Any CPU.Build.0 = Release|Any CPU
	EndGlobalSection
	GlobalSection(SolutionProperties) = preSolution
		HideSolutionNode = FALSE
	EndGlobalSection
	GlobalSection(NestedProjects) = preSolution
		{E27F3ABC-C361-4EC1-883F-823B3CA794E7} = {90BC4A5E-1BE5-40F6-B64C-7A19EAE6CB96}
		{B782B2A9-C131-42E4-B368-0938249DDC06} = {90BC4A5E-1BE5-40F6-B64C-7A19EAE6CB96}
		{DF42C415-F5FD-44EC-895F-37454CDE37C2} = {90BC4A5E-1BE5-40F6-B64C-7A19EAE6CB96}
		{DF234EBE-64C4-4A4C-87D6-0D9C857FF51D} = {90BC4A5E-1BE5-40F6-B64C-7A19EAE6CB96}
		{5232ED54-C039-4764-8540-235D334DF8B1} = {E27F3ABC-C361-4EC1-883F-823B3CA794E7}
		{304FE1C5-62C9-4005-AAFA-07407926F628} = {E27F3ABC-C361-4EC1-883F-823B3CA794E7}
		{BC9EEFEC-9EBC-49CD-A629-662793FAAC50} = {B782B2A9-C131-42E4-B368-0938249DDC06}
		{9DB92549-1FD2-4CCC-A160-BE87BE6C7536} = {DF42C415-F5FD-44EC-895F-37454CDE37C2}
		{31F9D976-691E-4C0E-959A-62C6DDF54A8D} = {5232ED54-C039-4764-8540-235D334DF8B1}
		{1905D5A2-8977-4535-AB71-6630B7B9F654} = {5232ED54-C039-4764-8540-235D334DF8B1}
		{584384E6-7B0E-4538-9A89-15507343A3D1} = {E27F3ABC-C361-4EC1-883F-823B3CA794E7}
		{ED671639-B075-4DC0-B4C5-DC1E406277F6} = {584384E6-7B0E-4538-9A89-15507343A3D1}
		{F3E3B55B-32F6-46E4-90E2-02E8EF9D7A16} = {304FE1C5-62C9-4005-AAFA-07407926F628}
		{88CB5AC4-2965-4B10-91B6-305C7C576D3A} = {DF234EBE-64C4-4A4C-87D6-0D9C857FF51D}
		{D828BFB2-9CC7-4B4D-9765-4FD0B4D22A5A} = {DF234EBE-64C4-4A4C-87D6-0D9C857FF51D}
		{872CFE6C-8EAA-4275-A0F2-F3F415A0BAFC} = {BC9EEFEC-9EBC-49CD-A629-662793FAAC50}
		{B6D9B8ED-F11E-4E30-8AC6-53C84A601432} = {DF234EBE-64C4-4A4C-87D6-0D9C857FF51D}
	EndGlobalSection
	GlobalSection(ExtensibilityGlobals) = postSolution
		SolutionGuid = {536E1BB7-E506-4FF5-9C15-4A749BA34878}
	EndGlobalSection
EndGlobal
